
Microsoft Visual Studio Solution File, Format Version 12.00
# Visual Studio Version 17
VisualStudioVersion = 17.9.34622.214
MinimumVisualStudioVersion = 10.0.40219.1
Project("{FAE04EC0-301F-11D3-BF4B-00C04F79EFBC}") = "EmployeeApplication", "EmployeeApplication\EmployeeApplication.csproj", "{A8809257-7AB4-4D43-B6D1-8D4AF7440050}"
EndProject
Global
	GlobalSection(SolutionConfigurationPlatforms) = preSolution
		Debug|Any CPU = Debug|Any CPU
		Release|Any CPU = Release|Any CPU
	EndGlobalSection
	GlobalSection(ProjectConfigurationPlatforms) = postSolution
		{A8809257-7AB4-4D43-B6D1-8D4AF7440050}.Debug|Any CPU.ActiveCfg = Debug|Any CPU
		{A8809257-7AB4-4D43-B6D1-8D4AF7440050}.Debug|Any CPU.Build.0 = Debug|Any CPU
		{A8809257-7AB4-4D43-B6D1-8D4AF7440050}.Release|Any CPU.ActiveCfg = Release|Any CPU
		{A8809257-7AB4-4D43-B6D1-8D4AF7440050}.Release|Any CPU.Build.0 = Release|Any CPU
	EndGlobalSection
	GlobalSection(SolutionProperties) = preSolution
		HideSolutionNode = FALSE
	EndGlobalSection
	GlobalSection(ExtensibilityGlobals) = postSolution
		SolutionGuid = {8A3129E1-2B97-411E-B78D-6DDC2AD5A660}
	EndGlobalSection
EndGlobal
